
Microsoft Visual Studio Solution File, Format Version 12.00
# Visual Studio Version 16
VisualStudioVersion = 16.0.32802.440
MinimumVisualStudioVersion = 10.0.40219.1
Project("{FAE04EC0-301F-11D3-BF4B-00C04F79EFBC}") = "MinhaUBS.API", "MinhaUBS.API\MinhaUBS.API.csproj", "{2FF035D1-8F12-43E1-A605-D2BE779E406F}"
EndProject
Global
	GlobalSection(SolutionConfigurationPlatforms) = preSolution
		Debug|Any CPU = Debug|Any CPU
		Release|Any CPU = Release|Any CPU
	EndGlobalSection
	GlobalSection(ProjectConfigurationPlatforms) = postSolution
		{2FF035D1-8F12-43E1-A605-D2BE779E406F}.Debug|Any CPU.ActiveCfg = Debug|Any CPU
		{2FF035D1-8F12-43E1-A605-D2BE779E406F}.Debug|Any CPU.Build.0 = Debug|Any CPU
		{2FF035D1-8F12-43E1-A605-D2BE779E406F}.Release|Any CPU.ActiveCfg = Release|Any CPU
		{2FF035D1-8F12-43E1-A605-D2BE779E406F}.Release|Any CPU.Build.0 = Release|Any CPU
	EndGlobalSection
	GlobalSection(SolutionProperties) = preSolution
		HideSolutionNode = FALSE
	EndGlobalSection
	GlobalSection(ExtensibilityGlobals) = postSolution
		SolutionGuid = {10C446FB-28F3-482A-91F8-A2EF5B0F4740}
	EndGlobalSection
EndGlobal
